{
  "name": "useless-code-killer",
  "version": "1.0.0",
  "lockfileVersion": 1,
  "requires": true,
  "dependencies": {
    "@babel/parser": {
      "version": "7.21.4",
      "resolved": "http://npm.devops.xiaohongshu.com:7001/@babel/parser/download/@babel/parser-7.21.4.tgz",
      "integrity": "sha1-lAA/38Ugu+KHXUrlV7Q9222IDxc="
    },
    "@types/node": {
      "version": "10.17.60",
      "resolved": "http://npm.devops.xiaohongshu.com:7001/@types/node/download/@types/node-10.17.60.tgz",
      "integrity": "sha1-NfPWIT2u2V2n8Pc+dbzGmA6QWXs="
    },
    "rd": {
      "version": "2.0.1",
      "resolved": "http://npm.devops.xiaohongshu.com:7001/rd/download/rd-2.0.1.tgz",
      "integrity": "sha1-4YqK9bL3RAwNsVI8oExuD5ZgAD8=",
      "requires": {
        "@types/node": "^10.3.6"
      }
    }
  }
}
